
Microsoft Visual Studio Solution File, Format Version 12.00
# Visual Studio Version 16
VisualStudioVersion = 16.0.808.4
MinimumVisualStudioVersion = 10.0.40219.1
Project("{FAE04EC0-301F-11D3-BF4B-00C04F79EFBC}") = "BankOfDotNetApi", "BankOfDotNetApi\BankOfDotNetApi.csproj", "{5F99F658-2BE0-46C0-9BCF-7F4F9868AE6C}"
EndProject
Project("{FAE04EC0-301F-11D3-BF4B-00C04F79EFBC}") = "BankOfDotNet.IdentityServer", "BankOfDotNet.IdentityServer\BankOfDotNet.IdentityServer.csproj", "{D5E69956-9148-4039-ACC6-7CE35ACC0C33}"
EndProject
Global
	GlobalSection(SolutionConfigurationPlatforms) = preSolution
		Debug|Any CPU = Debug|Any CPU
		Release|Any CPU = Release|Any CPU
	EndGlobalSection
	GlobalSection(ProjectConfigurationPlatforms) = postSolution
		{5F99F658-2BE0-46C0-9BCF-7F4F9868AE6C}.Debug|Any CPU.ActiveCfg = Debug|Any CPU
		{5F99F658-2BE0-46C0-9BCF-7F4F9868AE6C}.Debug|Any CPU.Build.0 = Debug|Any CPU
		{5F99F658-2BE0-46C0-9BCF-7F4F9868AE6C}.Release|Any CPU.ActiveCfg = Release|Any CPU
		{5F99F658-2BE0-46C0-9BCF-7F4F9868AE6C}.Release|Any CPU.Build.0 = Release|Any CPU
		{D5E69956-9148-4039-ACC6-7CE35ACC0C33}.Debug|Any CPU.ActiveCfg = Debug|Any CPU
		{D5E69956-9148-4039-ACC6-7CE35ACC0C33}.Debug|Any CPU.Build.0 = Debug|Any CPU
		{D5E69956-9148-4039-ACC6-7CE35ACC0C33}.Release|Any CPU.ActiveCfg = Release|Any CPU
		{D5E69956-9148-4039-ACC6-7CE35ACC0C33}.Release|Any CPU.Build.0 = Release|Any CPU
	EndGlobalSection
	GlobalSection(SolutionProperties) = preSolution
		HideSolutionNode = FALSE
	EndGlobalSection
	GlobalSection(ExtensibilityGlobals) = postSolution
		SolutionGuid = {DF5EF033-477B-4270-A222-3F726801FBD6}
	EndGlobalSection
EndGlobal
